// !$*UTF8*$!
{
	archiveVersion = 1;
	classes = {
	};
	objectVersion = 55;
	objects = {

/* Begin PBXBuildFile section */
		AD162326277BD2C100E919C1 /* TerminalViewRepresentable.swift in Sources */ = {isa = PBXBuildFile; fileRef = AD162325277BD2C100E919C1 /* TerminalViewRepresentable.swift */; };
		AD162328277BD31D00E919C1 /* GameLauncherView.swift in Sources */ = {isa = PBXBuildFile; fileRef = AD162327277BD31D00E919C1 /* GameLauncherView.swift */; };
		AD162331277BD53600E919C1 /* Game.swift in Sources */ = {isa = PBXBuildFile; fileRef = AD162330277BD53600E919C1 /* Game.swift */; };
		AD162333277BD81B00E919C1 /* AppDelegate.swift in Sources */ = {isa = PBXBuildFile; fileRef = AD162332277BD81B00E919C1 /* AppDelegate.swift */; };
		AD1CD1412D2617D6000340DC /* War.swift in Sources */ = {isa = PBXBuildFile; fileRef = AD1CD1402D2617D6000340DC /* War.swift */; };
		AD1CD15F2D287944000340DC /* Bunny.swift in Sources */ = {isa = PBXBuildFile; fileRef = AD1CD15E2D287944000340DC /* Bunny.swift */; };
		AD1CD1612D29894E000340DC /* Chief.swift in Sources */ = {isa = PBXBuildFile; fileRef = AD1CD1602D29894E000340DC /* Chief.swift */; };
		AD1CD1632D29CEC6000340DC /* Craps.swift in Sources */ = {isa = PBXBuildFile; fileRef = AD1CD1622D29CEC6000340DC /* Craps.swift */; };
		AD1CD1652D29F714000340DC /* Cube.swift in Sources */ = {isa = PBXBuildFile; fileRef = AD1CD1642D29F714000340DC /* Cube.swift */; };
		AD6E52332D19004700F337D8 /* OregonTrail.pdf in Resources */ = {isa = PBXBuildFile; fileRef = AD6E52322D19004700F337D8 /* OregonTrail.pdf */; };
		AD7E478B2D246E610051D447 /* Extensions.swift in Sources */ = {isa = PBXBuildFile; fileRef = AD7D2750277CA5A600F43F39 /* Extensions.swift */; };
		AD7E478C2D246E610051D447 /* Game.swift in Sources */ = {isa = PBXBuildFile; fileRef = AD162330277BD53600E919C1 /* Game.swift */; };
		AD7E478F2D246EB80051D447 /* play in Resources */ = {isa = PBXBuildFile; fileRef = AD7E47842D246E370051D447 /* play */; };
		AD7E47902D246F930051D447 /* Amazing.swift in Sources */ = {isa = PBXBuildFile; fileRef = AD6AC92D277F340200B9E5DB /* Amazing.swift */; };
		AD7E47912D246FB30051D447 /* GameProtocol.swift in Sources */ = {isa = PBXBuildFile; fileRef = AD8F43F5278252550067143D /* GameProtocol.swift */; };
		AD7E47922D246FB30051D447 /* ConsoleIO.swift in Sources */ = {isa = PBXBuildFile; fileRef = AD7D274E277CA59800F43F39 /* ConsoleIO.swift */; };
		AD7E47952D2470B50051D447 /* PlayCommand.swift in Sources */ = {isa = PBXBuildFile; fileRef = AD7E47932D2470B50051D447 /* PlayCommand.swift */; };
		AD7E47982D24718B0051D447 /* ArgumentParser in Frameworks */ = {isa = PBXBuildFile; productRef = AD7E47972D24718B0051D447 /* ArgumentParser */; };
		AD7E47992D2476D90051D447 /* AceyDucey.swift in Sources */ = {isa = PBXBuildFile; fileRef = ADA8481A295FBF8100F86687 /* AceyDucey.swift */; };
		AD7E479A2D247A210051D447 /* Rocket.swift in Sources */ = {isa = PBXBuildFile; fileRef = ADDBCD0827B5509F00C369D1 /* Rocket.swift */; };
		AD7E479B2D247A210051D447 /* 3DPlot.swift in Sources */ = {isa = PBXBuildFile; fileRef = AD56DA2327E610B700179FAA /* 3DPlot.swift */; };
		AD7E479C2D247A210051D447 /* Digits.swift in Sources */ = {isa = PBXBuildFile; fileRef = ADACACAF2963371600DEB6F7 /* Digits.swift */; };
		AD7E479D2D247A210051D447 /* Synonym.swift in Sources */ = {isa = PBXBuildFile; fileRef = AD7E476E2D2468860051D447 /* Synonym.swift */; };
		AD7E479E2D247A210051D447 /* Ftball.swift in Sources */ = {isa = PBXBuildFile; fileRef = ADB4DEB527C5BF4600C04087 /* Ftball.swift */; };
		AD7E479F2D247A210051D447 /* Pizza.swift in Sources */ = {isa = PBXBuildFile; fileRef = ADDF8FBC2B4EDB0000BD5B14 /* Pizza.swift */; };
		AD7E47A02D247A210051D447 /* StockMarket.swift in Sources */ = {isa = PBXBuildFile; fileRef = AD8A002C27E77D2E009B5679 /* StockMarket.swift */; };
		AD7E47A12D247A210051D447 /* King.swift in Sources */ = {isa = PBXBuildFile; fileRef = AD90BEFB2978D25A0015A9DB /* King.swift */; };
		AD7E47A22D247A210051D447 /* Calendar.swift in Sources */ = {isa = PBXBuildFile; fileRef = AD150F1727C149D500FA3280 /* Calendar.swift */; };
		AD7E47A32D247A210051D447 /* Number.swift in Sources */ = {isa = PBXBuildFile; fileRef = AD7E475E2D2468860051D447 /* Number.swift */; };
		AD7E47A42D247A210051D447 /* Poetry.swift in Sources */ = {isa = PBXBuildFile; fileRef = ADDF8FD02B4F2BDB00BD5B14 /* Poetry.swift */; };
		AD7E47A52D247A210051D447 /* Bowling.swift in Sources */ = {isa = PBXBuildFile; fileRef = ADADA5972B4C3BE90024CA81 /* Bowling.swift */; };
		AD7E47A62D247A210051D447 /* Name.swift in Sources */ = {isa = PBXBuildFile; fileRef = AD7E47562D2468860051D447 /* Name.swift */; };
		AD7E47A72D247A210051D447 /* Change.swift in Sources */ = {isa = PBXBuildFile; fileRef = AD7E47352D2468860051D447 /* Change.swift */; };
		AD7E47A82D247A210051D447 /* Animal.swift in Sources */ = {isa = PBXBuildFile; fileRef = AD56DA0E27E29C0100179FAA /* Animal.swift */; };
		AD7E47A92D247A210051D447 /* 23Matches.swift in Sources */ = {isa = PBXBuildFile; fileRef = AD7E47792D2468860051D447 /* 23Matches.swift */; };
		AD7E47AA2D247A210051D447 /* Bug.swift in Sources */ = {isa = PBXBuildFile; fileRef = AD5F26D8297389820053C5A1 /* Bug.swift */; };
		AD7E47AB2D247A210051D447 /* EvenWins2.swift in Sources */ = {isa = PBXBuildFile; fileRef = ADF8BF04296CC57300B778CA /* EvenWins2.swift */; };
		AD7E47AC2D247A210051D447 /* EvenWins1.swift in Sources */ = {isa = PBXBuildFile; fileRef = AD5C22C8296B90DA0067A2EF /* EvenWins1.swift */; };
		AD7E47AD2D247A210051D447 /* LEM.swift in Sources */ = {isa = PBXBuildFile; fileRef = ADF23D5A27864A3100D71CDD /* LEM.swift */; };
		AD7E47AE2D247A210051D447 /* Diamond.swift in Sources */ = {isa = PBXBuildFile; fileRef = AD7E473D2D2468860051D447 /* Diamond.swift */; };
		AD7E47AF2D247A210051D447 /* Guess.swift in Sources */ = {isa = PBXBuildFile; fileRef = AD7747372960D51200066994 /* Guess.swift */; };
		AD7E47B02D247A210051D447 /* DepthCharge.swift in Sources */ = {isa = PBXBuildFile; fileRef = ADFE458E27B83570002175D7 /* DepthCharge.swift */; };
		AD7E47B12D247A210051D447 /* Buzzword.swift in Sources */ = {isa = PBXBuildFile; fileRef = AD7E47312D2468860051D447 /* Buzzword.swift */; };
		AD7E47B22D247A210051D447 /* Blackjack.swift in Sources */ = {isa = PBXBuildFile; fileRef = AD150F2927C2B29D00FA3280 /* Blackjack.swift */; };
		AD7E47B32D247A210051D447 /* Hamurabi.swift in Sources */ = {isa = PBXBuildFile; fileRef = AD69C55629718802005D52A2 /* Hamurabi.swift */; };
		AD7E47B42D247A210051D447 /* Banner.swift in Sources */ = {isa = PBXBuildFile; fileRef = AD36C57227BB41BA00FB1E63 /* Banner.swift */; };
		AD7E47B52D247A210051D447 /* Checkers.swift in Sources */ = {isa = PBXBuildFile; fileRef = ADADA5812B46E7630024CA81 /* Checkers.swift */; };
		AD7E47B62D247A210051D447 /* Poker.swift in Sources */ = {isa = PBXBuildFile; fileRef = ADDF8FE62B543D3F00BD5B14 /* Poker.swift */; };
		AD7E47B72D247A210051D447 /* Mugwump.swift in Sources */ = {isa = PBXBuildFile; fileRef = AD7E47522D2468860051D447 /* Mugwump.swift */; };
		AD7E47B82D247A210051D447 /* Orbit.swift in Sources */ = {isa = PBXBuildFile; fileRef = AD7C3F732961D54000F3C5AA /* Orbit.swift */; };
		AD7E47B92D247A210051D447 /* Splat.swift in Sources */ = {isa = PBXBuildFile; fileRef = AD2437CC27EAA101005D67B6 /* Splat.swift */; };
		AD7E47BA2D247A210051D447 /* Bombardment.swift in Sources */ = {isa = PBXBuildFile; fileRef = AD7E47252D2468860051D447 /* Bombardment.swift */; };
		AD7E47BB2D247A210051D447 /* Chemist.swift in Sources */ = {isa = PBXBuildFile; fileRef = AD7E47392D2468860051D447 /* Chemist.swift */; };
		AD7E47BC2D247A210051D447 /* Joust.swift in Sources */ = {isa = PBXBuildFile; fileRef = ADDBCD1B27B6B16E00C369D1 /* Joust.swift */; };
		AD7E47BD2D247A210051D447 /* Hockey.swift in Sources */ = {isa = PBXBuildFile; fileRef = ADD5D27D297B64690035F451 /* Hockey.swift */; };
		AD7E47BE2D247A210051D447 /* Lunar.swift in Sources */ = {isa = PBXBuildFile; fileRef = AD8F43EC278250450067143D /* Lunar.swift */; };
		AD7E47BF2D247A210051D447 /* Awari.swift in Sources */ = {isa = PBXBuildFile; fileRef = AD7E471D2D2468860051D447 /* Awari.swift */; };
		AD7E47C02D247A210051D447 /* Stars.swift in Sources */ = {isa = PBXBuildFile; fileRef = AD7E476A2D2468860051D447 /* Stars.swift */; };
		AD7E47C12D247A210051D447 /* RockScissorsPaper.swift in Sources */ = {isa = PBXBuildFile; fileRef = AD7E47622D2468860051D447 /* RockScissorsPaper.swift */; };
		AD7E47C22D247A210051D447 /* Bagels.swift in Sources */ = {isa = PBXBuildFile; fileRef = AD7E47212D2468860051D447 /* Bagels.swift */; };
		AD7E47C32D247A210051D447 /* ICBM.swift in Sources */ = {isa = PBXBuildFile; fileRef = AD33FD0D27B9560F00E087D1 /* ICBM.swift */; };
		AD7E47C42D247A210051D447 /* Dice.swift in Sources */ = {isa = PBXBuildFile; fileRef = AD7E47412D2468860051D447 /* Dice.swift */; };
		AD7E47C52D247A210051D447 /* Bullseye.swift in Sources */ = {isa = PBXBuildFile; fileRef = AD7E472D2D2468860051D447 /* Bullseye.swift */; };
		AD7E47C62D247A210051D447 /* Nicomachus.swift in Sources */ = {isa = PBXBuildFile; fileRef = AD7E475A2D2468860051D447 /* Nicomachus.swift */; };
		AD7E47C72D247A210051D447 /* OregonTrail.swift in Sources */ = {isa = PBXBuildFile; fileRef = AD7D2760277CA7BE00F43F39 /* OregonTrail.swift */; };
		AD7E47C82D247A210051D447 /* BombsAway.swift in Sources */ = {isa = PBXBuildFile; fileRef = AD7E47292D2468860051D447 /* BombsAway.swift */; };
		AD7E47C92D247A210051D447 /* Bounce.swift in Sources */ = {isa = PBXBuildFile; fileRef = AD82570F27F09CF000A0ECCB /* Bounce.swift */; };
		AD7E47CA2D247A210051D447 /* Trap.swift in Sources */ = {isa = PBXBuildFile; fileRef = AD7E47762D2468860051D447 /* Trap.swift */; };
		AD7E47CB2D247A210051D447 /* Football.swift in Sources */ = {isa = PBXBuildFile; fileRef = ADB4DEB327C5BF3400C04087 /* Football.swift */; };
		AD7E47CC2D247A210051D447 /* Hangman.swift in Sources */ = {isa = PBXBuildFile; fileRef = AD7E47452D2468860051D447 /* Hangman.swift */; };
		AD7E47CD2D247A210051D447 /* Train.swift in Sources */ = {isa = PBXBuildFile; fileRef = AD7E47722D2468860051D447 /* Train.swift */; };
		AD7E47CE2D247A210051D447 /* CivilWar.swift in Sources */ = {isa = PBXBuildFile; fileRef = ADE614A52B3500820087F9C6 /* CivilWar.swift */; };
		AD7E47CF2D247A210051D447 /* Weekday.swift in Sources */ = {isa = PBXBuildFile; fileRef = AD3D807927BF268D004226EF /* Weekday.swift */; };
		AD7E47D02D247A210051D447 /* SineWave.swift in Sources */ = {isa = PBXBuildFile; fileRef = AD7E47662D2468860051D447 /* SineWave.swift */; };
		AD7E47D12D247A210051D447 /* Target.swift in Sources */ = {isa = PBXBuildFile; fileRef = AD60177A27ED3FA000213C47 /* Target.swift */; };
		AD7E47D22D247A210051D447 /* Batnum.swift in Sources */ = {isa = PBXBuildFile; fileRef = ADE848F42B4DD9350018C719 /* Batnum.swift */; };
		AD7E47D32D247A210051D447 /* MathDice.swift in Sources */ = {isa = PBXBuildFile; fileRef = AD7E474E2D2468860051D447 /* MathDice.swift */; };
		AD7E47D42D247A210051D447 /* StarTrek.swift in Sources */ = {isa = PBXBuildFile; fileRef = AD57CCFB27AED53A00AD32C5 /* StarTrek.swift */; };
		AD7E47D52D247A210051D447 /* Love.swift in Sources */ = {isa = PBXBuildFile; fileRef = AD7E47492D2468860051D447 /* Love.swift */; };
		AD84626A2D2A32E100588A2B /* Golf.swift in Sources */ = {isa = PBXBuildFile; fileRef = AD8462692D2A32E100588A2B /* Golf.swift */; };
		AD8AB4322959FABB001E0C83 /* PDFViewRepresentable.swift in Sources */ = {isa = PBXBuildFile; fileRef = AD8AB4312959FABB001E0C83 /* PDFViewRepresentable.swift */; };
		AD8AB4342959FB9B001E0C83 /* EggView.swift in Sources */ = {isa = PBXBuildFile; fileRef = AD8AB4332959FB9B001E0C83 /* EggView.swift */; };
		AD9FA6CD2D0B88DF008A5E92 /* BasicGames2.pdf in Resources */ = {isa = PBXBuildFile; fileRef = AD9FA6CC2D0B88DF008A5E92 /* BasicGames2.pdf */; };
		ADA44D872D24A26800AF183E /* Word.swift in Sources */ = {isa = PBXBuildFile; fileRef = ADA44D862D24A26800AF183E /* Word.swift */; };
		ADAE10B5277BAD25006762F5 /* BasicGamesApp.swift in Sources */ = {isa = PBXBuildFile; fileRef = ADAE10B4277BAD25006762F5 /* BasicGamesApp.swift */; };
		ADAE10B9277BAD2D006762F5 /* Assets.xcassets in Resources */ = {isa = PBXBuildFile; fileRef = ADAE10B8277BAD2D006762F5 /* Assets.xcassets */; };
		ADAE10BC277BAD2D006762F5 /* Preview Assets.xcassets in Resources */ = {isa = PBXBuildFile; fileRef = ADAE10BB277BAD2D006762F5 /* Preview Assets.xcassets */; };
		ADAE10C7277BAD2D006762F5 /* BasicGamesTests.swift in Sources */ = {isa = PBXBuildFile; fileRef = ADAE10C6277BAD2D006762F5 /* BasicGamesTests.swift */; };
		ADAE10D1277BAD2E006762F5 /* BasicGamesUITests.swift in Sources */ = {isa = PBXBuildFile; fileRef = ADAE10D0277BAD2E006762F5 /* BasicGamesUITests.swift */; };
		ADAE10D3277BAD2E006762F5 /* BasicGamesUITestsLaunchTests.swift in Sources */ = {isa = PBXBuildFile; fileRef = ADAE10D2277BAD2E006762F5 /* BasicGamesUITestsLaunchTests.swift */; };
		ADAFE7AB27B839B8009A7D0B /* Extensions.swift in Sources */ = {isa = PBXBuildFile; fileRef = AD7D2750277CA5A600F43F39 /* Extensions.swift */; };
		ADDBCD2427B6F16B00C369D1 /* Preferences.swift in Sources */ = {isa = PBXBuildFile; fileRef = ADDBCD2327B6F16B00C369D1 /* Preferences.swift */; };
		ADDBCD2627B6F22E00C369D1 /* SettingsView.swift in Sources */ = {isa = PBXBuildFile; fileRef = ADDBCD2527B6F22E00C369D1 /* SettingsView.swift */; };
		ADDBEF1B2985956F00745DBD /* Bell Buoy.mp3 in Resources */ = {isa = PBXBuildFile; fileRef = ADDBEF1A2985956F00745DBD /* Bell Buoy.mp3 */; };
		ADE101052D0F3346003080C9 /* BasicGames.pdf in Resources */ = {isa = PBXBuildFile; fileRef = ADE101042D0F3346003080C9 /* BasicGames.pdf */; };
		ADE77C2C2D24409600EC87E5 /* SwiftTerm in Frameworks */ = {isa = PBXBuildFile; productRef = ADE77C2B2D24409600EC87E5 /* SwiftTerm */; };
/* End PBXBuildFile section */

/* Begin PBXContainerItemProxy section */
		AD7E478D2D246EA30051D447 /* PBXContainerItemProxy */ = {
			isa = PBXContainerItemProxy;
			containerPortal = ADAE10A9277BAD25006762F5 /* Project object */;
			proxyType = 1;
			remoteGlobalIDString = AD7E47832D246E370051D447;
			remoteInfo = play;
		};
		ADAE10C3277BAD2D006762F5 /* PBXContainerItemProxy */ = {
			isa = PBXContainerItemProxy;
			containerPortal = ADAE10A9277BAD25006762F5 /* Project object */;
			proxyType = 1;
			remoteGlobalIDString = ADAE10B0277BAD25006762F5;
			remoteInfo = BasicGames;
		};
		ADAE10CD277BAD2E006762F5 /* PBXContainerItemProxy */ = {
			isa = PBXContainerItemProxy;
			containerPortal = ADAE10A9277BAD25006762F5 /* Project object */;
			proxyType = 1;
			remoteGlobalIDString = ADAE10B0277BAD25006762F5;
			remoteInfo = BasicGames;
		};
/* End PBXContainerItemProxy section */

/* Begin PBXCopyFilesBuildPhase section */
		AD7E47822D246E370051D447 /* CopyFiles */ = {
			isa = PBXCopyFilesBuildPhase;
			buildActionMask = 2147483647;
			dstPath = /usr/share/man/man1/;
			dstSubfolderSpec = 0;
			files = (
			);
			runOnlyForDeploymentPostprocessing = 1;
		};
/* End PBXCopyFilesBuildPhase section */

/* Begin PBXFileReference section */
		AD150F1727C149D500FA3280 /* Calendar.swift */ = {isa = PBXFileReference; lastKnownFileType = sourcecode.swift; path = Calendar.swift; sourceTree = "<group>"; };
		AD150F2927C2B29D00FA3280 /* Blackjack.swift */ = {isa = PBXFileReference; lastKnownFileType = sourcecode.swift; path = Blackjack.swift; sourceTree = "<group>"; };
		AD162325277BD2C100E919C1 /* TerminalViewRepresentable.swift */ = {isa = PBXFileReference; lastKnownFileType = sourcecode.swift; path = TerminalViewRepresentable.swift; sourceTree = "<group>"; };
		AD162327277BD31D00E919C1 /* GameLauncherView.swift */ = {isa = PBXFileReference; lastKnownFileType = sourcecode.swift; path = GameLauncherView.swift; sourceTree = "<group>"; };
		AD162329277BD38900E919C1 /* Info.plist */ = {isa = PBXFileReference; lastKnownFileType = text.plist; path = Info.plist; sourceTree = "<group>"; };
		AD162330277BD53600E919C1 /* Game.swift */ = {isa = PBXFileReference; lastKnownFileType = sourcecode.swift; path = Game.swift; sourceTree = "<group>"; };
		AD162332277BD81B00E919C1 /* AppDelegate.swift */ = {isa = PBXFileReference; fileEncoding = 4; lastKnownFileType = sourcecode.swift; path = AppDelegate.swift; sourceTree = "<group>"; };
		AD1CD1402D2617D6000340DC /* War.swift */ = {isa = PBXFileReference; lastKnownFileType = sourcecode.swift; path = War.swift; sourceTree = "<group>"; };
		AD1CD15E2D287944000340DC /* Bunny.swift */ = {isa = PBXFileReference; lastKnownFileType = sourcecode.swift; path = Bunny.swift; sourceTree = "<group>"; };
		AD1CD1602D29894E000340DC /* Chief.swift */ = {isa = PBXFileReference; lastKnownFileType = sourcecode.swift; path = Chief.swift; sourceTree = "<group>"; };
		AD1CD1622D29CEC6000340DC /* Craps.swift */ = {isa = PBXFileReference; lastKnownFileType = sourcecode.swift; path = Craps.swift; sourceTree = "<group>"; };
		AD1CD1642D29F714000340DC /* Cube.swift */ = {isa = PBXFileReference; lastKnownFileType = sourcecode.swift; path = Cube.swift; sourceTree = "<group>"; };
		AD2437CC27EAA101005D67B6 /* Splat.swift */ = {isa = PBXFileReference; lastKnownFileType = sourcecode.swift; path = Splat.swift; sourceTree = "<group>"; };
		AD33FD0D27B9560F00E087D1 /* ICBM.swift */ = {isa = PBXFileReference; lastKnownFileType = sourcecode.swift; path = ICBM.swift; sourceTree = "<group>"; };
		AD36C57227BB41BA00FB1E63 /* Banner.swift */ = {isa = PBXFileReference; lastKnownFileType = sourcecode.swift; path = Banner.swift; sourceTree = "<group>"; };
		AD3D807927BF268D004226EF /* Weekday.swift */ = {isa = PBXFileReference; lastKnownFileType = sourcecode.swift; path = Weekday.swift; sourceTree = "<group>"; };
		AD56DA0E27E29C0100179FAA /* Animal.swift */ = {isa = PBXFileReference; lastKnownFileType = sourcecode.swift; path = Animal.swift; sourceTree = "<group>"; };
		AD56DA2327E610B700179FAA /* 3DPlot.swift */ = {isa = PBXFileReference; lastKnownFileType = sourcecode.swift; path = 3DPlot.swift; sourceTree = "<group>"; };
		AD57CCFB27AED53A00AD32C5 /* StarTrek.swift */ = {isa = PBXFileReference; lastKnownFileType = sourcecode.swift; path = StarTrek.swift; sourceTree = "<group>"; };
		AD5C22C8296B90DA0067A2EF /* EvenWins1.swift */ = {isa = PBXFileReference; lastKnownFileType = sourcecode.swift; path = EvenWins1.swift; sourceTree = "<group>"; };
		AD5F26D8297389820053C5A1 /* Bug.swift */ = {isa = PBXFileReference; lastKnownFileType = sourcecode.swift; path = Bug.swift; sourceTree = "<group>"; };
		AD60177A27ED3FA000213C47 /* Target.swift */ = {isa = PBXFileReference; lastKnownFileType = sourcecode.swift; path = Target.swift; sourceTree = "<group>"; };
		AD69C55629718802005D52A2 /* Hamurabi.swift */ = {isa = PBXFileReference; lastKnownFileType = sourcecode.swift; path = Hamurabi.swift; sourceTree = "<group>"; };
		AD6AC92D277F340200B9E5DB /* Amazing.swift */ = {isa = PBXFileReference; fileEncoding = 4; lastKnownFileType = sourcecode.swift; path = Amazing.swift; sourceTree = "<group>"; };
		AD6E52322D19004700F337D8 /* OregonTrail.pdf */ = {isa = PBXFileReference; lastKnownFileType = image.pdf; path = OregonTrail.pdf; sourceTree = "<group>"; };
		AD7747372960D51200066994 /* Guess.swift */ = {isa = PBXFileReference; lastKnownFileType = sourcecode.swift; path = Guess.swift; sourceTree = "<group>"; };
		AD7C3F732961D54000F3C5AA /* Orbit.swift */ = {isa = PBXFileReference; lastKnownFileType = sourcecode.swift; path = Orbit.swift; sourceTree = "<group>"; };
		AD7D274E277CA59800F43F39 /* ConsoleIO.swift */ = {isa = PBXFileReference; fileEncoding = 4; lastKnownFileType = sourcecode.swift; path = ConsoleIO.swift; sourceTree = "<group>"; };
		AD7D2750277CA5A600F43F39 /* Extensions.swift */ = {isa = PBXFileReference; fileEncoding = 4; lastKnownFileType = sourcecode.swift; path = Extensions.swift; sourceTree = "<group>"; };
		AD7D2760277CA7BE00F43F39 /* OregonTrail.swift */ = {isa = PBXFileReference; fileEncoding = 4; lastKnownFileType = sourcecode.swift; path = OregonTrail.swift; sourceTree = "<group>"; };
		AD7E471D2D2468860051D447 /* Awari.swift */ = {isa = PBXFileReference; lastKnownFileType = sourcecode.swift; path = Awari.swift; sourceTree = "<group>"; };
		AD7E47212D2468860051D447 /* Bagels.swift */ = {isa = PBXFileReference; lastKnownFileType = sourcecode.swift; path = Bagels.swift; sourceTree = "<group>"; };
		AD7E47252D2468860051D447 /* Bombardment.swift */ = {isa = PBXFileReference; lastKnownFileType = sourcecode.swift; path = Bombardment.swift; sourceTree = "<group>"; };
		AD7E47292D2468860051D447 /* BombsAway.swift */ = {isa = PBXFileReference; lastKnownFileType = sourcecode.swift; path = BombsAway.swift; sourceTree = "<group>"; };
		AD7E472D2D2468860051D447 /* Bullseye.swift */ = {isa = PBXFileReference; lastKnownFileType = sourcecode.swift; path = Bullseye.swift; sourceTree = "<group>"; };
		AD7E47312D2468860051D447 /* Buzzword.swift */ = {isa = PBXFileReference; lastKnownFileType = sourcecode.swift; path = Buzzword.swift; sourceTree = "<group>"; };
		AD7E47352D2468860051D447 /* Change.swift */ = {isa = PBXFileReference; lastKnownFileType = sourcecode.swift; path = Change.swift; sourceTree = "<group>"; };
		AD7E47392D2468860051D447 /* Chemist.swift */ = {isa = PBXFileReference; lastKnownFileType = sourcecode.swift; path = Chemist.swift; sourceTree = "<group>"; };
		AD7E473D2D2468860051D447 /* Diamond.swift */ = {isa = PBXFileReference; lastKnownFileType = sourcecode.swift; path = Diamond.swift; sourceTree = "<group>"; };
		AD7E47412D2468860051D447 /* Dice.swift */ = {isa = PBXFileReference; lastKnownFileType = sourcecode.swift; path = Dice.swift; sourceTree = "<group>"; };
		AD7E47452D2468860051D447 /* Hangman.swift */ = {isa = PBXFileReference; lastKnownFileType = sourcecode.swift; path = Hangman.swift; sourceTree = "<group>"; };
		AD7E47492D2468860051D447 /* Love.swift */ = {isa = PBXFileReference; lastKnownFileType = sourcecode.swift; path = Love.swift; sourceTree = "<group>"; };
		AD7E474E2D2468860051D447 /* MathDice.swift */ = {isa = PBXFileReference; lastKnownFileType = sourcecode.swift; path = MathDice.swift; sourceTree = "<group>"; };
		AD7E47522D2468860051D447 /* Mugwump.swift */ = {isa = PBXFileReference; lastKnownFileType = sourcecode.swift; path = Mugwump.swift; sourceTree = "<group>"; };
		AD7E47562D2468860051D447 /* Name.swift */ = {isa = PBXFileReference; lastKnownFileType = sourcecode.swift; path = Name.swift; sourceTree = "<group>"; };
		AD7E475A2D2468860051D447 /* Nicomachus.swift */ = {isa = PBXFileReference; lastKnownFileType = sourcecode.swift; path = Nicomachus.swift; sourceTree = "<group>"; };
		AD7E475E2D2468860051D447 /* Number.swift */ = {isa = PBXFileReference; lastKnownFileType = sourcecode.swift; path = Number.swift; sourceTree = "<group>"; };
		AD7E47622D2468860051D447 /* RockScissorsPaper.swift */ = {isa = PBXFileReference; lastKnownFileType = sourcecode.swift; path = RockScissorsPaper.swift; sourceTree = "<group>"; };
		AD7E47662D2468860051D447 /* SineWave.swift */ = {isa = PBXFileReference; lastKnownFileType = sourcecode.swift; path = SineWave.swift; sourceTree = "<group>"; };
		AD7E476A2D2468860051D447 /* Stars.swift */ = {isa = PBXFileReference; lastKnownFileType = sourcecode.swift; path = Stars.swift; sourceTree = "<group>"; };
		AD7E476E2D2468860051D447 /* Synonym.swift */ = {isa = PBXFileReference; lastKnownFileType = sourcecode.swift; path = Synonym.swift; sourceTree = "<group>"; };
		AD7E47722D2468860051D447 /* Train.swift */ = {isa = PBXFileReference; lastKnownFileType = sourcecode.swift; path = Train.swift; sourceTree = "<group>"; };
		AD7E47762D2468860051D447 /* Trap.swift */ = {isa = PBXFileReference; lastKnownFileType = sourcecode.swift; path = Trap.swift; sourceTree = "<group>"; };
		AD7E47792D2468860051D447 /* 23Matches.swift */ = {isa = PBXFileReference; lastKnownFileType = sourcecode.swift; path = 23Matches.swift; sourceTree = "<group>"; };
		AD7E47842D246E370051D447 /* play */ = {isa = PBXFileReference; explicitFileType = "compiled.mach-o.executable"; includeInIndex = 0; path = play; sourceTree = BUILT_PRODUCTS_DIR; };
		AD7E47932D2470B50051D447 /* PlayCommand.swift */ = {isa = PBXFileReference; lastKnownFileType = sourcecode.swift; path = PlayCommand.swift; sourceTree = "<group>"; };
		AD82570F27F09CF000A0ECCB /* Bounce.swift */ = {isa = PBXFileReference; lastKnownFileType = sourcecode.swift; path = Bounce.swift; sourceTree = "<group>"; };
		AD8462692D2A32E100588A2B /* Golf.swift */ = {isa = PBXFileReference; lastKnownFileType = sourcecode.swift; path = Golf.swift; sourceTree = "<group>"; };
		AD8A002C27E77D2E009B5679 /* StockMarket.swift */ = {isa = PBXFileReference; lastKnownFileType = sourcecode.swift; path = StockMarket.swift; sourceTree = "<group>"; };
		AD8AB4312959FABB001E0C83 /* PDFViewRepresentable.swift */ = {isa = PBXFileReference; lastKnownFileType = sourcecode.swift; path = PDFViewRepresentable.swift; sourceTree = "<group>"; };
		AD8AB4332959FB9B001E0C83 /* EggView.swift */ = {isa = PBXFileReference; lastKnownFileType = sourcecode.swift; path = EggView.swift; sourceTree = "<group>"; };
		AD8F43EC278250450067143D /* Lunar.swift */ = {isa = PBXFileReference; lastKnownFileType = sourcecode.swift; path = Lunar.swift; sourceTree = "<group>"; };
		AD8F43F5278252550067143D /* GameProtocol.swift */ = {isa = PBXFileReference; lastKnownFileType = sourcecode.swift; path = GameProtocol.swift; sourceTree = "<group>"; };
		AD90BEFB2978D25A0015A9DB /* King.swift */ = {isa = PBXFileReference; lastKnownFileType = sourcecode.swift; path = King.swift; sourceTree = "<group>"; };
		AD9FA6CC2D0B88DF008A5E92 /* BasicGames2.pdf */ = {isa = PBXFileReference; lastKnownFileType = image.pdf; path = BasicGames2.pdf; sourceTree = "<group>"; };
		ADA44D862D24A26800AF183E /* Word.swift */ = {isa = PBXFileReference; lastKnownFileType = sourcecode.swift; path = Word.swift; sourceTree = "<group>"; };
		ADA8481A295FBF8100F86687 /* AceyDucey.swift */ = {isa = PBXFileReference; lastKnownFileType = sourcecode.swift; path = AceyDucey.swift; sourceTree = "<group>"; };
		ADACACAF2963371600DEB6F7 /* Digits.swift */ = {isa = PBXFileReference; lastKnownFileType = sourcecode.swift; path = Digits.swift; sourceTree = "<group>"; };
		ADADA5812B46E7630024CA81 /* Checkers.swift */ = {isa = PBXFileReference; lastKnownFileType = sourcecode.swift; path = Checkers.swift; sourceTree = "<group>"; };
		ADADA5972B4C3BE90024CA81 /* Bowling.swift */ = {isa = PBXFileReference; lastKnownFileType = sourcecode.swift; path = Bowling.swift; sourceTree = "<group>"; };
		ADAE10B1277BAD25006762F5 /* BasicGames.app */ = {isa = PBXFileReference; explicitFileType = wrapper.application; includeInIndex = 0; path = BasicGames.app; sourceTree = BUILT_PRODUCTS_DIR; };
		ADAE10B4277BAD25006762F5 /* BasicGamesApp.swift */ = {isa = PBXFileReference; lastKnownFileType = sourcecode.swift; path = BasicGamesApp.swift; sourceTree = "<group>"; };
		ADAE10B8277BAD2D006762F5 /* Assets.xcassets */ = {isa = PBXFileReference; lastKnownFileType = folder.assetcatalog; path = Assets.xcassets; sourceTree = "<group>"; };
		ADAE10BB277BAD2D006762F5 /* Preview Assets.xcassets */ = {isa = PBXFileReference; lastKnownFileType = folder.assetcatalog; path = "Preview Assets.xcassets"; sourceTree = "<group>"; };
		ADAE10BD277BAD2D006762F5 /* BasicGames.entitlements */ = {isa = PBXFileReference; lastKnownFileType = text.plist.entitlements; path = BasicGames.entitlements; sourceTree = "<group>"; };
		ADAE10C2277BAD2D006762F5 /* BasicGamesTests.xctest */ = {isa = PBXFileReference; explicitFileType = wrapper.cfbundle; includeInIndex = 0; path = BasicGamesTests.xctest; sourceTree = BUILT_PRODUCTS_DIR; };
		ADAE10C6277BAD2D006762F5 /* BasicGamesTests.swift */ = {isa = PBXFileReference; lastKnownFileType = sourcecode.swift; path = BasicGamesTests.swift; sourceTree = "<group>"; };
		ADAE10CC277BAD2D006762F5 /* BasicGamesUITests.xctest */ = {isa = PBXFileReference; explicitFileType = wrapper.cfbundle; includeInIndex = 0; path = BasicGamesUITests.xctest; sourceTree = BUILT_PRODUCTS_DIR; };
		ADAE10D0277BAD2E006762F5 /* BasicGamesUITests.swift */ = {isa = PBXFileReference; lastKnownFileType = sourcecode.swift; path = BasicGamesUITests.swift; sourceTree = "<group>"; };
		ADAE10D2277BAD2E006762F5 /* BasicGamesUITestsLaunchTests.swift */ = {isa = PBXFileReference; lastKnownFileType = sourcecode.swift; path = BasicGamesUITestsLaunchTests.swift; sourceTree = "<group>"; };
		ADB4DEB327C5BF3400C04087 /* Football.swift */ = {isa = PBXFileReference; lastKnownFileType = sourcecode.swift; path = Football.swift; sourceTree = "<group>"; };
		ADB4DEB527C5BF4600C04087 /* Ftball.swift */ = {isa = PBXFileReference; lastKnownFileType = sourcecode.swift; path = Ftball.swift; sourceTree = "<group>"; };
		ADD5D27D297B64690035F451 /* Hockey.swift */ = {isa = PBXFileReference; lastKnownFileType = sourcecode.swift; path = Hockey.swift; sourceTree = "<group>"; };
		ADDBCD0827B5509F00C369D1 /* Rocket.swift */ = {isa = PBXFileReference; lastKnownFileType = sourcecode.swift; path = Rocket.swift; sourceTree = "<group>"; };
		ADDBCD1B27B6B16E00C369D1 /* Joust.swift */ = {isa = PBXFileReference; lastKnownFileType = sourcecode.swift; path = Joust.swift; sourceTree = "<group>"; };
		ADDBCD2327B6F16B00C369D1 /* Preferences.swift */ = {isa = PBXFileReference; lastKnownFileType = sourcecode.swift; path = Preferences.swift; sourceTree = "<group>"; };
		ADDBCD2527B6F22E00C369D1 /* SettingsView.swift */ = {isa = PBXFileReference; lastKnownFileType = sourcecode.swift; path = SettingsView.swift; sourceTree = "<group>"; };
		ADDBEF1A2985956F00745DBD /* Bell Buoy.mp3 */ = {isa = PBXFileReference; lastKnownFileType = audio.mp3; path = "Bell Buoy.mp3"; sourceTree = "<group>"; };
		ADDF8FBC2B4EDB0000BD5B14 /* Pizza.swift */ = {isa = PBXFileReference; lastKnownFileType = sourcecode.swift; path = Pizza.swift; sourceTree = "<group>"; };
		ADDF8FD02B4F2BDB00BD5B14 /* Poetry.swift */ = {isa = PBXFileReference; lastKnownFileType = sourcecode.swift; path = Poetry.swift; sourceTree = "<group>"; };
		ADDF8FE62B543D3F00BD5B14 /* Poker.swift */ = {isa = PBXFileReference; lastKnownFileType = sourcecode.swift; path = Poker.swift; sourceTree = "<group>"; };
		ADE101042D0F3346003080C9 /* BasicGames.pdf */ = {isa = PBXFileReference; lastKnownFileType = image.pdf; path = BasicGames.pdf; sourceTree = "<group>"; };
		ADE614A52B3500820087F9C6 /* CivilWar.swift */ = {isa = PBXFileReference; lastKnownFileType = sourcecode.swift; path = CivilWar.swift; sourceTree = "<group>"; };
		ADE848F42B4DD9350018C719 /* Batnum.swift */ = {isa = PBXFileReference; lastKnownFileType = sourcecode.swift; path = Batnum.swift; sourceTree = "<group>"; };
		ADF23D5A27864A3100D71CDD /* LEM.swift */ = {isa = PBXFileReference; lastKnownFileType = sourcecode.swift; path = LEM.swift; sourceTree = "<group>"; };
		ADF8BF04296CC57300B778CA /* EvenWins2.swift */ = {isa = PBXFileReference; lastKnownFileType = sourcecode.swift; path = EvenWins2.swift; sourceTree = "<group>"; };
		ADFE458E27B83570002175D7 /* DepthCharge.swift */ = {isa = PBXFileReference; lastKnownFileType = sourcecode.swift; path = DepthCharge.swift; sourceTree = "<group>"; };
/* End PBXFileReference section */

/* Begin PBXFrameworksBuildPhase section */
		AD7E47812D246E370051D447 /* Frameworks */ = {
			isa = PBXFrameworksBuildPhase;
			buildActionMask = 2147483647;
			files = (
				AD7E47982D24718B0051D447 /* ArgumentParser in Frameworks */,
			);
			runOnlyForDeploymentPostprocessing = 0;
		};
		ADAE10AE277BAD25006762F5 /* Frameworks */ = {
			isa = PBXFrameworksBuildPhase;
			buildActionMask = 2147483647;
			files = (
				ADE77C2C2D24409600EC87E5 /* SwiftTerm in Frameworks */,
			);
			runOnlyForDeploymentPostprocessing = 0;
		};
		ADAE10BF277BAD2D006762F5 /* Frameworks */ = {
			isa = PBXFrameworksBuildPhase;
			buildActionMask = 2147483647;
			files = (
			);
			runOnlyForDeploymentPostprocessing = 0;
		};
		ADAE10C9277BAD2D006762F5 /* Frameworks */ = {
			isa = PBXFrameworksBuildPhase;
			buildActionMask = 2147483647;
			files = (
			);
			runOnlyForDeploymentPostprocessing = 0;
		};
/* End PBXFrameworksBuildPhase section */

/* Begin PBXGroup section */
		AD7D2752277CA5D500F43F39 /* Resources */ = {
			isa = PBXGroup;
			children = (
				ADE101042D0F3346003080C9 /* BasicGames.pdf */,
				AD9FA6CC2D0B88DF008A5E92 /* BasicGames2.pdf */,
				AD6E52322D19004700F337D8 /* OregonTrail.pdf */,
				ADDBEF1A2985956F00745DBD /* Bell Buoy.mp3 */,
			);
			path = Resources;
			sourceTree = "<group>";
		};
		AD7E47942D2470B50051D447 /* Play */ = {
			isa = PBXGroup;
			children = (
				AD7E47932D2470B50051D447 /* PlayCommand.swift */,
				ADA8481A295FBF8100F86687 /* AceyDucey.swift */,
				AD6AC92D277F340200B9E5DB /* Amazing.swift */,
				AD56DA0E27E29C0100179FAA /* Animal.swift */,
				AD7E471D2D2468860051D447 /* Awari.swift */,
				AD7E47212D2468860051D447 /* Bagels.swift */,
				AD36C57227BB41BA00FB1E63 /* Banner.swift */,
				ADE848F42B4DD9350018C719 /* Batnum.swift */,
				AD150F2927C2B29D00FA3280 /* Blackjack.swift */,
				AD7E47252D2468860051D447 /* Bombardment.swift */,
				AD7E47292D2468860051D447 /* BombsAway.swift */,
				AD82570F27F09CF000A0ECCB /* Bounce.swift */,
				ADADA5972B4C3BE90024CA81 /* Bowling.swift */,
				AD5F26D8297389820053C5A1 /* Bug.swift */,
				AD7E472D2D2468860051D447 /* Bullseye.swift */,
				AD1CD15E2D287944000340DC /* Bunny.swift */,
				AD7E47312D2468860051D447 /* Buzzword.swift */,
				AD150F1727C149D500FA3280 /* Calendar.swift */,
				AD7E47352D2468860051D447 /* Change.swift */,
				ADADA5812B46E7630024CA81 /* Checkers.swift */,
				AD7E47392D2468860051D447 /* Chemist.swift */,
				AD1CD1602D29894E000340DC /* Chief.swift */,
				ADE614A52B3500820087F9C6 /* CivilWar.swift */,
				AD1CD1622D29CEC6000340DC /* Craps.swift */,
				AD1CD1642D29F714000340DC /* Cube.swift */,
				ADFE458E27B83570002175D7 /* DepthCharge.swift */,
				AD7E473D2D2468860051D447 /* Diamond.swift */,
				AD7E47412D2468860051D447 /* Dice.swift */,
				ADACACAF2963371600DEB6F7 /* Digits.swift */,
				AD5C22C8296B90DA0067A2EF /* EvenWins1.swift */,
				ADF8BF04296CC57300B778CA /* EvenWins2.swift */,
				ADB4DEB327C5BF3400C04087 /* Football.swift */,
				ADB4DEB527C5BF4600C04087 /* Ftball.swift */,
				AD8462692D2A32E100588A2B /* Golf.swift */,
				AD7747372960D51200066994 /* Guess.swift */,
				AD69C55629718802005D52A2 /* Hamurabi.swift */,
				AD7E47452D2468860051D447 /* Hangman.swift */,
				ADD5D27D297B64690035F451 /* Hockey.swift */,
				AD33FD0D27B9560F00E087D1 /* ICBM.swift */,
				ADDBCD1B27B6B16E00C369D1 /* Joust.swift */,
				AD90BEFB2978D25A0015A9DB /* King.swift */,
				AD8F43EC278250450067143D /* Lunar.swift */,
				ADF23D5A27864A3100D71CDD /* LEM.swift */,
				AD7E47492D2468860051D447 /* Love.swift */,
				AD7E474E2D2468860051D447 /* MathDice.swift */,
				AD7E47522D2468860051D447 /* Mugwump.swift */,
				AD7E47562D2468860051D447 /* Name.swift */,
				AD7E475A2D2468860051D447 /* Nicomachus.swift */,
				AD7E475E2D2468860051D447 /* Number.swift */,
				AD7C3F732961D54000F3C5AA /* Orbit.swift */,
				AD7D2760277CA7BE00F43F39 /* OregonTrail.swift */,
				ADDF8FD02B4F2BDB00BD5B14 /* Poetry.swift */,
				ADDF8FBC2B4EDB0000BD5B14 /* Pizza.swift */,
				ADDF8FE62B543D3F00BD5B14 /* Poker.swift */,
				ADDBCD0827B5509F00C369D1 /* Rocket.swift */,
				AD7E47622D2468860051D447 /* RockScissorsPaper.swift */,
				AD7E47662D2468860051D447 /* SineWave.swift */,
				AD2437CC27EAA101005D67B6 /* Splat.swift */,
				AD57CCFB27AED53A00AD32C5 /* StarTrek.swift */,
				AD7E476A2D2468860051D447 /* Stars.swift */,
				AD8A002C27E77D2E009B5679 /* StockMarket.swift */,
				AD7E476E2D2468860051D447 /* Synonym.swift */,
				AD60177A27ED3FA000213C47 /* Target.swift */,
				AD56DA2327E610B700179FAA /* 3DPlot.swift */,
				AD7E47722D2468860051D447 /* Train.swift */,
				AD7E47762D2468860051D447 /* Trap.swift */,
				AD7E47792D2468860051D447 /* 23Matches.swift */,
				AD1CD1402D2617D6000340DC /* War.swift */,
				AD3D807927BF268D004226EF /* Weekday.swift */,
				ADA44D862D24A26800AF183E /* Word.swift */,
			);
			path = Play;
			sourceTree = "<group>";
		};
		ADAE10A8277BAD25006762F5 = {
			isa = PBXGroup;
			children = (
				AD7D2752277CA5D500F43F39 /* Resources */,
				ADAE10B3277BAD25006762F5 /* BasicGames */,
				AD7D2750277CA5A600F43F39 /* Extensions.swift */,
				AD162330277BD53600E919C1 /* Game.swift */,
				AD7D274E277CA59800F43F39 /* ConsoleIO.swift */,
				AD8F43F5278252550067143D /* GameProtocol.swift */,
				AD7E47942D2470B50051D447 /* Play */,
				ADAE10C5277BAD2D006762F5 /* BasicGamesTests */,
				ADAE10CF277BAD2E006762F5 /* BasicGamesUITests */,
				ADAE10B2277BAD25006762F5 /* Products */,
				ADDB4FC6278B589100278FB7 /* Frameworks */,
			);
			sourceTree = "<group>";
		};
		ADAE10B2277BAD25006762F5 /* Products */ = {
			isa = PBXGroup;
			children = (
				ADAE10B1277BAD25006762F5 /* BasicGames.app */,
				ADAE10C2277BAD2D006762F5 /* BasicGamesTests.xctest */,
				ADAE10CC277BAD2D006762F5 /* BasicGamesUITests.xctest */,
				AD7E47842D246E370051D447 /* play */,
			);
			name = Products;
			sourceTree = "<group>";
		};
		ADAE10B3277BAD25006762F5 /* BasicGames */ = {
			isa = PBXGroup;
			children = (
				AD162329277BD38900E919C1 /* Info.plist */,
				AD162332277BD81B00E919C1 /* AppDelegate.swift */,
				ADDBCD2327B6F16B00C369D1 /* Preferences.swift */,
				ADAE10B4277BAD25006762F5 /* BasicGamesApp.swift */,
				ADDBCD2527B6F22E00C369D1 /* SettingsView.swift */,
				AD162327277BD31D00E919C1 /* GameLauncherView.swift */,
				AD162325277BD2C100E919C1 /* TerminalViewRepresentable.swift */,
				AD8AB4312959FABB001E0C83 /* PDFViewRepresentable.swift */,
				AD8AB4332959FB9B001E0C83 /* EggView.swift */,
				ADAE10B8277BAD2D006762F5 /* Assets.xcassets */,
				ADAE10BD277BAD2D006762F5 /* BasicGames.entitlements */,
				ADAE10BA277BAD2D006762F5 /* Preview Content */,
			);
			path = BasicGames;
			sourceTree = "<group>";
		};
		ADAE10BA277BAD2D006762F5 /* Preview Content */ = {
			isa = PBXGroup;
			children = (
				ADAE10BB277BAD2D006762F5 /* Preview Assets.xcassets */,
			);
			path = "Preview Content";
			sourceTree = "<group>";
		};
		ADAE10C5277BAD2D006762F5 /* BasicGamesTests */ = {
			isa = PBXGroup;
			children = (
				ADAE10C6277BAD2D006762F5 /* BasicGamesTests.swift */,
			);
			path = BasicGamesTests;
			sourceTree = "<group>";
		};
		ADAE10CF277BAD2E006762F5 /* BasicGamesUITests */ = {
			isa = PBXGroup;
			children = (
				ADAE10D0277BAD2E006762F5 /* BasicGamesUITests.swift */,
				ADAE10D2277BAD2E006762F5 /* BasicGamesUITestsLaunchTests.swift */,
			);
			path = BasicGamesUITests;
			sourceTree = "<group>";
		};
		ADDB4FC6278B589100278FB7 /* Frameworks */ = {
			isa = PBXGroup;
			children = (
			);
			name = Frameworks;
			sourceTree = "<group>";
		};
/* End PBXGroup section */

/* Begin PBXNativeTarget section */
		AD7E47832D246E370051D447 /* play */ = {
			isa = PBXNativeTarget;
			buildConfigurationList = AD7E47882D246E380051D447 /* Build configuration list for PBXNativeTarget "play" */;
			buildPhases = (
				AD7E47802D246E370051D447 /* Sources */,
				AD7E47812D246E370051D447 /* Frameworks */,
				AD7E47822D246E370051D447 /* CopyFiles */,
			);
			buildRules = (
			);
			dependencies = (
			);
			name = play;
			packageProductDependencies = (
				AD7E47972D24718B0051D447 /* ArgumentParser */,
			);
			productName = play;
			productReference = AD7E47842D246E370051D447 /* play */;
			productType = "com.apple.product-type.tool";
		};
		ADAE10B0277BAD25006762F5 /* BasicGames */ = {
			isa = PBXNativeTarget;
			buildConfigurationList = ADAE10D6277BAD2E006762F5 /* Build configuration list for PBXNativeTarget "BasicGames" */;
			buildPhases = (
				ADAE10AD277BAD25006762F5 /* Sources */,
				ADAE10AE277BAD25006762F5 /* Frameworks */,
				ADAE10AF277BAD25006762F5 /* Resources */,
			);
			buildRules = (
			);
			dependencies = (
				AD7E478E2D246EA30051D447 /* PBXTargetDependency */,
			);
			name = BasicGames;
			packageProductDependencies = (
				ADE77C2B2D24409600EC87E5 /* SwiftTerm */,
			);
			productName = BasicGames;
			productReference = ADAE10B1277BAD25006762F5 /* BasicGames.app */;
			productType = "com.apple.product-type.application";
		};
		ADAE10C1277BAD2D006762F5 /* BasicGamesTests */ = {
			isa = PBXNativeTarget;
			buildConfigurationList = ADAE10D9277BAD2E006762F5 /* Build configuration list for PBXNativeTarget "BasicGamesTests" */;
			buildPhases = (
				ADAE10BE277BAD2D006762F5 /* Sources */,
				ADAE10BF277BAD2D006762F5 /* Frameworks */,
				ADAE10C0277BAD2D006762F5 /* Resources */,
			);
			buildRules = (
			);
			dependencies = (
				ADAE10C4277BAD2D006762F5 /* PBXTargetDependency */,
			);
			name = BasicGamesTests;
			productName = BasicGamesTests;
			productReference = ADAE10C2277BAD2D006762F5 /* BasicGamesTests.xctest */;
			productType = "com.apple.product-type.bundle.unit-test";
		};
		ADAE10CB277BAD2D006762F5 /* BasicGamesUITests */ = {
			isa = PBXNativeTarget;
			buildConfigurationList = ADAE10DC277BAD2E006762F5 /* Build configuration list for PBXNativeTarget "BasicGamesUITests" */;
			buildPhases = (
				ADAE10C8277BAD2D006762F5 /* Sources */,
				ADAE10C9277BAD2D006762F5 /* Frameworks */,
				ADAE10CA277BAD2D006762F5 /* Resources */,
			);
			buildRules = (
			);
			dependencies = (
				ADAE10CE277BAD2E006762F5 /* PBXTargetDependency */,
			);
			name = BasicGamesUITests;
			productName = BasicGamesUITests;
			productReference = ADAE10CC277BAD2D006762F5 /* BasicGamesUITests.xctest */;
			productType = "com.apple.product-type.bundle.ui-testing";
		};
/* End PBXNativeTarget section */

/* Begin PBXProject section */
		ADAE10A9277BAD25006762F5 /* Project object */ = {
			isa = PBXProject;
			attributes = {
				BuildIndependentTargetsInParallel = 1;
				LastSwiftUpdateCheck = 1620;
				LastUpgradeCheck = 1620;
				TargetAttributes = {
					AD7E47832D246E370051D447 = {
						CreatedOnToolsVersion = 16.2;
					};
					ADAE10B0277BAD25006762F5 = {
						CreatedOnToolsVersion = 13.0;
					};
					ADAE10C1277BAD2D006762F5 = {
						CreatedOnToolsVersion = 13.0;
						TestTargetID = ADAE10B0277BAD25006762F5;
					};
					ADAE10CB277BAD2D006762F5 = {
						CreatedOnToolsVersion = 13.0;
						TestTargetID = ADAE10B0277BAD25006762F5;
					};
				};
			};
			buildConfigurationList = ADAE10AC277BAD25006762F5 /* Build configuration list for PBXProject "BasicGames" */;
			compatibilityVersion = "Xcode 13.0";
			developmentRegion = en;
			hasScannedForEncodings = 0;
			knownRegions = (
				en,
				Base,
			);
			mainGroup = ADAE10A8277BAD25006762F5;
			packageReferences = (
				ADE77C282D243F8E00EC87E5 /* XCRemoteSwiftPackageReference "SwiftTerm" */,
				AD7E47962D2471830051D447 /* XCRemoteSwiftPackageReference "swift-argument-parser" */,
			);
			productRefGroup = ADAE10B2277BAD25006762F5 /* Products */;
			projectDirPath = "";
			projectRoot = "";
			targets = (
				ADAE10B0277BAD25006762F5 /* BasicGames */,
				ADAE10C1277BAD2D006762F5 /* BasicGamesTests */,
				ADAE10CB277BAD2D006762F5 /* BasicGamesUITests */,
				AD7E47832D246E370051D447 /* play */,
			);
		};
/* End PBXProject section */

/* Begin PBXResourcesBuildPhase section */
		ADAE10AF277BAD25006762F5 /* Resources */ = {
			isa = PBXResourcesBuildPhase;
			buildActionMask = 2147483647;
			files = (
				AD7E478F2D246EB80051D447 /* play in Resources */,
				ADDBEF1B2985956F00745DBD /* Bell Buoy.mp3 in Resources */,
				ADE101052D0F3346003080C9 /* BasicGames.pdf in Resources */,
				AD9FA6CD2D0B88DF008A5E92 /* BasicGames2.pdf in Resources */,
				AD6E52332D19004700F337D8 /* OregonTrail.pdf in Resources */,
				ADAE10B9277BAD2D006762F5 /* Assets.xcassets in Resources */,
				ADAE10BC277BAD2D006762F5 /* Preview Assets.xcassets in Resources */,
			);
			runOnlyForDeploymentPostprocessing = 0;
		};
		ADAE10C0277BAD2D006762F5 /* Resources */ = {
			isa = PBXResourcesBuildPhase;
			buildActionMask = 2147483647;
			files = (
			);
			runOnlyForDeploymentPostprocessing = 0;
		};
		ADAE10CA277BAD2D006762F5 /* Resources */ = {
			isa = PBXResourcesBuildPhase;
			buildActionMask = 2147483647;
			files = (
			);
			runOnlyForDeploymentPostprocessing = 0;
		};
/* End PBXResourcesBuildPhase section */

/* Begin PBXSourcesBuildPhase section */
		AD7E47802D246E370051D447 /* Sources */ = {
			isa = PBXSourcesBuildPhase;
			buildActionMask = 2147483647;
			files = (
				AD7E478B2D246E610051D447 /* Extensions.swift in Sources */,
				AD1CD1612D29894E000340DC /* Chief.swift in Sources */,
				AD7E478C2D246E610051D447 /* Game.swift in Sources */,
				AD7E47912D246FB30051D447 /* GameProtocol.swift in Sources */,
				AD7E47952D2470B50051D447 /* PlayCommand.swift in Sources */,
				AD7E47992D2476D90051D447 /* AceyDucey.swift in Sources */,
				AD7E47922D246FB30051D447 /* ConsoleIO.swift in Sources */,
				AD1CD1632D29CEC6000340DC /* Craps.swift in Sources */,
				AD7E479A2D247A210051D447 /* Rocket.swift in Sources */,
				AD7E479B2D247A210051D447 /* 3DPlot.swift in Sources */,
				AD7E479C2D247A210051D447 /* Digits.swift in Sources */,
				AD7E479D2D247A210051D447 /* Synonym.swift in Sources */,
				AD7E479E2D247A210051D447 /* Ftball.swift in Sources */,
				AD7E479F2D247A210051D447 /* Pizza.swift in Sources */,
				AD7E47A02D247A210051D447 /* StockMarket.swift in Sources */,
				AD7E47A12D247A210051D447 /* King.swift in Sources */,
				AD7E47A22D247A210051D447 /* Calendar.swift in Sources */,
				AD7E47A32D247A210051D447 /* Number.swift in Sources */,
				AD7E47A42D247A210051D447 /* Poetry.swift in Sources */,
				AD1CD1652D29F714000340DC /* Cube.swift in Sources */,
				AD7E47A52D247A210051D447 /* Bowling.swift in Sources */,
				AD7E47A62D247A210051D447 /* Name.swift in Sources */,
				AD7E47A72D247A210051D447 /* Change.swift in Sources */,
				AD7E47A82D247A210051D447 /* Animal.swift in Sources */,
				ADA44D872D24A26800AF183E /* Word.swift in Sources */,
				AD7E47A92D247A210051D447 /* 23Matches.swift in Sources */,
				AD7E47AA2D247A210051D447 /* Bug.swift in Sources */,
				AD1CD15F2D287944000340DC /* Bunny.swift in Sources */,
				AD7E47AB2D247A210051D447 /* EvenWins2.swift in Sources */,
				AD84626A2D2A32E100588A2B /* Golf.swift in Sources */,
				AD7E47AC2D247A210051D447 /* EvenWins1.swift in Sources */,
				AD7E47AD2D247A210051D447 /* LEM.swift in Sources */,
				AD7E47AE2D247A210051D447 /* Diamond.swift in Sources */,
				AD7E47AF2D247A210051D447 /* Guess.swift in Sources */,
				AD7E47B02D247A210051D447 /* DepthCharge.swift in Sources */,
				AD7E47B12D247A210051D447 /* Buzzword.swift in Sources */,
				AD7E47B22D247A210051D447 /* Blackjack.swift in Sources */,
				AD7E47B32D247A210051D447 /* Hamurabi.swift in Sources */,
				AD7E47B42D247A210051D447 /* Banner.swift in Sources */,
				AD7E47B52D247A210051D447 /* Checkers.swift in Sources */,
				AD7E47B62D247A210051D447 /* Poker.swift in Sources */,
				AD7E47B72D247A210051D447 /* Mugwump.swift in Sources */,
				AD7E47B82D247A210051D447 /* Orbit.swift in Sources */,
				AD7E47B92D247A210051D447 /* Splat.swift in Sources */,
				AD7E47BA2D247A210051D447 /* Bombardment.swift in Sources */,
				AD7E47BB2D247A210051D447 /* Chemist.swift in Sources */,
				AD7E47BC2D247A210051D447 /* Joust.swift in Sources */,
				AD7E47BD2D247A210051D447 /* Hockey.swift in Sources */,
				AD7E47BE2D247A210051D447 /* Lunar.swift in Sources */,
				AD7E47BF2D247A210051D447 /* Awari.swift in Sources */,
				AD7E47C02D247A210051D447 /* Stars.swift in Sources */,
				AD7E47C12D247A210051D447 /* RockScissorsPaper.swift in Sources */,
				AD7E47C22D247A210051D447 /* Bagels.swift in Sources */,
				AD7E47C32D247A210051D447 /* ICBM.swift in Sources */,
				AD7E47C42D247A210051D447 /* Dice.swift in Sources */,
				AD7E47C52D247A210051D447 /* Bullseye.swift in Sources */,
				AD7E47C62D247A210051D447 /* Nicomachus.swift in Sources */,
				AD7E47C72D247A210051D447 /* OregonTrail.swift in Sources */,
				AD7E47C82D247A210051D447 /* BombsAway.swift in Sources */,
				AD7E47C92D247A210051D447 /* Bounce.swift in Sources */,
				AD7E47CA2D247A210051D447 /* Trap.swift in Sources */,
				AD7E47CB2D247A210051D447 /* Football.swift in Sources */,
				AD7E47CC2D247A210051D447 /* Hangman.swift in Sources */,
				AD7E47CD2D247A210051D447 /* Train.swift in Sources */,
				AD7E47CE2D247A210051D447 /* CivilWar.swift in Sources */,
				AD1CD1412D2617D6000340DC /* War.swift in Sources */,
				AD7E47CF2D247A210051D447 /* Weekday.swift in Sources */,
				AD7E47D02D247A210051D447 /* SineWave.swift in Sources */,
				AD7E47D12D247A210051D447 /* Target.swift in Sources */,
				AD7E47D22D247A210051D447 /* Batnum.swift in Sources */,
				AD7E47D32D247A210051D447 /* MathDice.swift in Sources */,
				AD7E47D42D247A210051D447 /* StarTrek.swift in Sources */,
				AD7E47D52D247A210051D447 /* Love.swift in Sources */,
				AD7E47902D246F930051D447 /* Amazing.swift in Sources */,
			);
			runOnlyForDeploymentPostprocessing = 0;
		};
		ADAE10AD277BAD25006762F5 /* Sources */ = {
			isa = PBXSourcesBuildPhase;
			buildActionMask = 2147483647;
			files = (
				AD8AB4342959FB9B001E0C83 /* EggView.swift in Sources */,
				AD8AB4322959FABB001E0C83 /* PDFViewRepresentable.swift in Sources */,
				AD162328277BD31D00E919C1 /* GameLauncherView.swift in Sources */,
				ADDBCD2627B6F22E00C369D1 /* SettingsView.swift in Sources */,
				ADDBCD2427B6F16B00C369D1 /* Preferences.swift in Sources */,
				ADAFE7AB27B839B8009A7D0B /* Extensions.swift in Sources */,
				ADAE10B5277BAD25006762F5 /* BasicGamesApp.swift in Sources */,
				AD162326277BD2C100E919C1 /* TerminalViewRepresentable.swift in Sources */,
				AD162333277BD81B00E919C1 /* AppDelegate.swift in Sources */,
				AD162331277BD53600E919C1 /* Game.swift in Sources */,
			);
			runOnlyForDeploymentPostprocessing = 0;
		};
		ADAE10BE277BAD2D006762F5 /* Sources */ = {
			isa = PBXSourcesBuildPhase;
			buildActionMask = 2147483647;
			files = (
				ADAE10C7277BAD2D006762F5 /* BasicGamesTests.swift in Sources */,
			);
			runOnlyForDeploymentPostprocessing = 0;
		};
		ADAE10C8277BAD2D006762F5 /* Sources */ = {
			isa = PBXSourcesBuildPhase;
			buildActionMask = 2147483647;
			files = (
				ADAE10D1277BAD2E006762F5 /* BasicGamesUITests.swift in Sources */,
				ADAE10D3277BAD2E006762F5 /* BasicGamesUITestsLaunchTests.swift in Sources */,
			);
			runOnlyForDeploymentPostprocessing = 0;
		};
/* End PBXSourcesBuildPhase section */

/* Begin PBXTargetDependency section */
		AD7E478E2D246EA30051D447 /* PBXTargetDependency */ = {
			isa = PBXTargetDependency;
			target = AD7E47832D246E370051D447 /* play */;
			targetProxy = AD7E478D2D246EA30051D447 /* PBXContainerItemProxy */;
		};
		ADAE10C4277BAD2D006762F5 /* PBXTargetDependency */ = {
			isa = PBXTargetDependency;
			target = ADAE10B0277BAD25006762F5 /* BasicGames */;
			targetProxy = ADAE10C3277BAD2D006762F5 /* PBXContainerItemProxy */;
		};
		ADAE10CE277BAD2E006762F5 /* PBXTargetDependency */ = {
			isa = PBXTargetDependency;
			target = ADAE10B0277BAD25006762F5 /* BasicGames */;
			targetProxy = ADAE10CD277BAD2E006762F5 /* PBXContainerItemProxy */;
		};
/* End PBXTargetDependency section */

/* Begin XCBuildConfiguration section */
		AD7E47892D246E380051D447 /* Debug */ = {
			isa = XCBuildConfiguration;
			buildSettings = {
				CLANG_CXX_LANGUAGE_STANDARD = "gnu++20";
				CODE_SIGN_STYLE = Automatic;
				DEVELOPMENT_TEAM = 624UDYC489;
				ENABLE_HARDENED_RUNTIME = YES;
				GCC_C_LANGUAGE_STANDARD = gnu17;
				LOCALIZATION_PREFERS_STRING_CATALOGS = YES;
				MACOSX_DEPLOYMENT_TARGET = 13.5;
				PRODUCT_NAME = "$(TARGET_NAME)";
				SWIFT_ACTIVE_COMPILATION_CONDITIONS = "DEBUG $(inherited)";
				SWIFT_VERSION = 5.0;
			};
			name = Debug;
		};
		AD7E478A2D246E380051D447 /* Release */ = {
			isa = XCBuildConfiguration;
			buildSettings = {
				CLANG_CXX_LANGUAGE_STANDARD = "gnu++20";
				CODE_SIGN_STYLE = Automatic;
				DEVELOPMENT_TEAM = 624UDYC489;
				ENABLE_HARDENED_RUNTIME = YES;
				GCC_C_LANGUAGE_STANDARD = gnu17;
				LOCALIZATION_PREFERS_STRING_CATALOGS = YES;
				MACOSX_DEPLOYMENT_TARGET = 13.5;
				PRODUCT_NAME = "$(TARGET_NAME)";
				SWIFT_VERSION = 5.0;
			};
			name = Release;
		};
		ADAE10D4277BAD2E006762F5 /* Debug */ = {
			isa = XCBuildConfiguration;
			buildSettings = {
				ALWAYS_SEARCH_USER_PATHS = NO;
				ASSETCATALOG_COMPILER_GENERATE_SWIFT_ASSET_SYMBOL_EXTENSIONS = YES;
				CLANG_ANALYZER_NONNULL = YES;
				CLANG_ANALYZER_NUMBER_OBJECT_CONVERSION = YES_AGGRESSIVE;
				CLANG_CXX_LANGUAGE_STANDARD = "gnu++17";
				CLANG_CXX_LIBRARY = "libc++";
				CLANG_ENABLE_MODULES = YES;
				CLANG_ENABLE_OBJC_ARC = YES;
				CLANG_ENABLE_OBJC_WEAK = YES;
				CLANG_WARN_BLOCK_CAPTURE_AUTORELEASING = YES;
				CLANG_WARN_BOOL_CONVERSION = YES;
				CLANG_WARN_COMMA = YES;
				CLANG_WARN_CONSTANT_CONVERSION = YES;
				CLANG_WARN_DEPRECATED_OBJC_IMPLEMENTATIONS = YES;
				CLANG_WARN_DIRECT_OBJC_ISA_USAGE = YES_ERROR;
				CLANG_WARN_DOCUMENTATION_COMMENTS = YES;
				CLANG_WARN_EMPTY_BODY = YES;
				CLANG_WARN_ENUM_CONVERSION = YES;
				CLANG_WARN_INFINITE_RECURSION = YES;
				CLANG_WARN_INT_CONVERSION = YES;
				CLANG_WARN_NON_LITERAL_NULL_CONVERSION = YES;
				CLANG_WARN_OBJC_IMPLICIT_RETAIN_SELF = YES;
				CLANG_WARN_OBJC_LITERAL_CONVERSION = YES;
				CLANG_WARN_OBJC_ROOT_CLASS = YES_ERROR;
				CLANG_WARN_QUOTED_INCLUDE_IN_FRAMEWORK_HEADER = YES;
				CLANG_WARN_RANGE_LOOP_ANALYSIS = YES;
				CLANG_WARN_STRICT_PROTOTYPES = YES;
				CLANG_WARN_SUSPICIOUS_MOVE = YES;
				CLANG_WARN_UNGUARDED_AVAILABILITY = YES_AGGRESSIVE;
				CLANG_WARN_UNREACHABLE_CODE = YES;
				CLANG_WARN__DUPLICATE_METHOD_MATCH = YES;
				COPY_PHASE_STRIP = NO;
				DEAD_CODE_STRIPPING = YES;
				DEBUG_INFORMATION_FORMAT = dwarf;
				ENABLE_STRICT_OBJC_MSGSEND = YES;
				ENABLE_TESTABILITY = YES;
				ENABLE_USER_SCRIPT_SANDBOXING = YES;
				GCC_C_LANGUAGE_STANDARD = gnu11;
				GCC_DYNAMIC_NO_PIC = NO;
				GCC_NO_COMMON_BLOCKS = YES;
				GCC_OPTIMIZATION_LEVEL = 0;
				GCC_PREPROCESSOR_DEFINITIONS = (
					"DEBUG=1",
					"$(inherited)",
				);
				GCC_WARN_64_TO_32_BIT_CONVERSION = YES;
				GCC_WARN_ABOUT_RETURN_TYPE = YES_ERROR;
				GCC_WARN_UNDECLARED_SELECTOR = YES;
				GCC_WARN_UNINITIALIZED_AUTOS = YES_AGGRESSIVE;
				GCC_WARN_UNUSED_FUNCTION = YES;
				GCC_WARN_UNUSED_VARIABLE = YES;
				MACOSX_DEPLOYMENT_TARGET = 13.0;
				MTL_ENABLE_DEBUG_INFO = INCLUDE_SOURCE;
				MTL_FAST_MATH = YES;
				ONLY_ACTIVE_ARCH = YES;
				SDKROOT = macosx;
				SWIFT_ACTIVE_COMPILATION_CONDITIONS = DEBUG;
				SWIFT_OPTIMIZATION_LEVEL = "-Onone";
			};
			name = Debug;
		};
		ADAE10D5277BAD2E006762F5 /* Release */ = {
			isa = XCBuildConfiguration;
			buildSettings = {
				ALWAYS_SEARCH_USER_PATHS = NO;
				ASSETCATALOG_COMPILER_GENERATE_SWIFT_ASSET_SYMBOL_EXTENSIONS = YES;
				CLANG_ANALYZER_NONNULL = YES;
				CLANG_ANALYZER_NUMBER_OBJECT_CONVERSION = YES_AGGRESSIVE;
				CLANG_CXX_LANGUAGE_STANDARD = "gnu++17";
				CLANG_CXX_LIBRARY = "libc++";
				CLANG_ENABLE_MODULES = YES;
				CLANG_ENABLE_OBJC_ARC = YES;
				CLANG_ENABLE_OBJC_WEAK = YES;
				CLANG_WARN_BLOCK_CAPTURE_AUTORELEASING = YES;
				CLANG_WARN_BOOL_CONVERSION = YES;
				CLANG_WARN_COMMA = YES;
				CLANG_WARN_CONSTANT_CONVERSION = YES;
				CLANG_WARN_DEPRECATED_OBJC_IMPLEMENTATIONS = YES;
				CLANG_WARN_DIRECT_OBJC_ISA_USAGE = YES_ERROR;
				CLANG_WARN_DOCUMENTATION_COMMENTS = YES;
				CLANG_WARN_EMPTY_BODY = YES;
				CLANG_WARN_ENUM_CONVERSION = YES;
				CLANG_WARN_INFINITE_RECURSION = YES;
				CLANG_WARN_INT_CONVERSION = YES;
				CLANG_WARN_NON_LITERAL_NULL_CONVERSION = YES;
				CLANG_WARN_OBJC_IMPLICIT_RETAIN_SELF = YES;
				CLANG_WARN_OBJC_LITERAL_CONVERSION = YES;
				CLANG_WARN_OBJC_ROOT_CLASS = YES_ERROR;
				CLANG_WARN_QUOTED_INCLUDE_IN_FRAMEWORK_HEADER = YES;
				CLANG_WARN_RANGE_LOOP_ANALYSIS = YES;
				CLANG_WARN_STRICT_PROTOTYPES = YES;
				CLANG_WARN_SUSPICIOUS_MOVE = YES;
				CLANG_WARN_UNGUARDED_AVAILABILITY = YES_AGGRESSIVE;
				CLANG_WARN_UNREACHABLE_CODE = YES;
				CLANG_WARN__DUPLICATE_METHOD_MATCH = YES;
				COPY_PHASE_STRIP = NO;
				DEAD_CODE_STRIPPING = YES;
				DEBUG_INFORMATION_FORMAT = "dwarf-with-dsym";
				ENABLE_NS_ASSERTIONS = NO;
				ENABLE_STRICT_OBJC_MSGSEND = YES;
				ENABLE_USER_SCRIPT_SANDBOXING = YES;
				GCC_C_LANGUAGE_STANDARD = gnu11;
				GCC_NO_COMMON_BLOCKS = YES;
				GCC_WARN_64_TO_32_BIT_CONVERSION = YES;
				GCC_WARN_ABOUT_RETURN_TYPE = YES_ERROR;
				GCC_WARN_UNDECLARED_SELECTOR = YES;
				GCC_WARN_UNINITIALIZED_AUTOS = YES_AGGRESSIVE;
				GCC_WARN_UNUSED_FUNCTION = YES;
				GCC_WARN_UNUSED_VARIABLE = YES;
				MACOSX_DEPLOYMENT_TARGET = 13.0;
				MTL_ENABLE_DEBUG_INFO = NO;
				MTL_FAST_MATH = YES;
				SDKROOT = macosx;
				SWIFT_COMPILATION_MODE = wholemodule;
				SWIFT_OPTIMIZATION_LEVEL = "-O";
			};
			name = Release;
		};
		ADAE10D7277BAD2E006762F5 /* Debug */ = {
			isa = XCBuildConfiguration;
			buildSettings = {
				ASSETCATALOG_COMPILER_APPICON_NAME = AppIcon;
				ASSETCATALOG_COMPILER_GLOBAL_ACCENT_COLOR_NAME = AccentColor;
				CODE_SIGN_ENTITLEMENTS = BasicGames/BasicGames.entitlements;
				CODE_SIGN_IDENTITY = "Apple Development";
				"CODE_SIGN_IDENTITY[sdk=macosx*]" = "Apple Development";
				CODE_SIGN_STYLE = Automatic;
				COMBINE_HIDPI_IMAGES = YES;
				CURRENT_PROJECT_VERSION = 1;
				DEAD_CODE_STRIPPING = YES;
				DEVELOPMENT_ASSET_PATHS = "\"BasicGames/Preview Content\"";
				DEVELOPMENT_TEAM = 624UDYC489;
				ENABLE_HARDENED_RUNTIME = YES;
				ENABLE_PREVIEWS = YES;
				GENERATE_INFOPLIST_FILE = YES;
				INFOPLIST_FILE = BasicGames/Info.plist;
				INFOPLIST_KEY_CFBundleDisplayName = "101 Plus";
				INFOPLIST_KEY_LSApplicationCategoryType = "public.app-category.games";
				INFOPLIST_KEY_NSHumanReadableCopyright = "Copyright © 2022 Starware Software LLC. All rights reserved.";
				LD_RUNPATH_SEARCH_PATHS = (
					"$(inherited)",
					"@executable_path/../Frameworks",
				);
				MACOSX_DEPLOYMENT_TARGET = 13.5;
				MARKETING_VERSION = 0.9;
				PRODUCT_BUNDLE_IDENTIFIER = com.starwaresoftware.BasicGames;
				PRODUCT_NAME = "$(TARGET_NAME)";
				SWIFT_EMIT_LOC_STRINGS = YES;
				SWIFT_VERSION = 5.0;
			};
			name = Debug;
		};
		ADAE10D8277BAD2E006762F5 /* Release */ = {
			isa = XCBuildConfiguration;
			buildSettings = {
				ASSETCATALOG_COMPILER_APPICON_NAME = AppIcon;
				ASSETCATALOG_COMPILER_GLOBAL_ACCENT_COLOR_NAME = AccentColor;
				CODE_SIGN_ENTITLEMENTS = BasicGames/BasicGames.entitlements;
				CODE_SIGN_IDENTITY = "Apple Development";
				"CODE_SIGN_IDENTITY[sdk=macosx*]" = "Apple Development";
				CODE_SIGN_STYLE = Automatic;
				COMBINE_HIDPI_IMAGES = YES;
				CURRENT_PROJECT_VERSION = 1;
				DEAD_CODE_STRIPPING = YES;
				DEVELOPMENT_ASSET_PATHS = "\"BasicGames/Preview Content\"";
				DEVELOPMENT_TEAM = 624UDYC489;
				ENABLE_HARDENED_RUNTIME = YES;
				ENABLE_PREVIEWS = YES;
				GENERATE_INFOPLIST_FILE = YES;
				INFOPLIST_FILE = BasicGames/Info.plist;
				INFOPLIST_KEY_CFBundleDisplayName = "101 Plus";
				INFOPLIST_KEY_LSApplicationCategoryType = "public.app-category.games";
				INFOPLIST_KEY_NSHumanReadableCopyright = "Copyright © 2022 Starware Software LLC. All rights reserved.";
				LD_RUNPATH_SEARCH_PATHS = (
					"$(inherited)",
					"@executable_path/../Frameworks",
				);
				MACOSX_DEPLOYMENT_TARGET = 13.5;
				MARKETING_VERSION = 0.9;
				PRODUCT_BUNDLE_IDENTIFIER = com.starwaresoftware.BasicGames;
				PRODUCT_NAME = "$(TARGET_NAME)";
				SWIFT_EMIT_LOC_STRINGS = YES;
				SWIFT_VERSION = 5.0;
			};
			name = Release;
		};
		ADAE10DA277BAD2E006762F5 /* Debug */ = {
			isa = XCBuildConfiguration;
			buildSettings = {
				BUNDLE_LOADER = "$(TEST_HOST)";
				CODE_SIGN_STYLE = Automatic;
				COMBINE_HIDPI_IMAGES = YES;
				CURRENT_PROJECT_VERSION = 1;
				DEAD_CODE_STRIPPING = YES;
				DEVELOPMENT_TEAM = 624UDYC489;
				GENERATE_INFOPLIST_FILE = YES;
				LD_RUNPATH_SEARCH_PATHS = (
					"$(inherited)",
					"@executable_path/../Frameworks",
					"@loader_path/../Frameworks",
				);
				MACOSX_DEPLOYMENT_TARGET = 13.5;
				MARKETING_VERSION = 1.0;
				PRODUCT_BUNDLE_IDENTIFIER = com.starwaresoftware.BasicGamesTests;
				PRODUCT_NAME = "$(TARGET_NAME)";
				SWIFT_EMIT_LOC_STRINGS = NO;
				SWIFT_VERSION = 5.0;
				TEST_HOST = "$(BUILT_PRODUCTS_DIR)/BasicGames.app/Contents/MacOS/BasicGames";
			};
			name = Debug;
		};
		ADAE10DB277BAD2E006762F5 /* Release */ = {
			isa = XCBuildConfiguration;
			buildSettings = {
				BUNDLE_LOADER = "$(TEST_HOST)";
				CODE_SIGN_STYLE = Automatic;
				COMBINE_HIDPI_IMAGES = YES;
				CURRENT_PROJECT_VERSION = 1;
				DEAD_CODE_STRIPPING = YES;
				DEVELOPMENT_TEAM = 624UDYC489;
				GENERATE_INFOPLIST_FILE = YES;
				LD_RUNPATH_SEARCH_PATHS = (
					"$(inherited)",
					"@executable_path/../Frameworks",
					"@loader_path/../Frameworks",
				);
				MACOSX_DEPLOYMENT_TARGET = 13.5;
				MARKETING_VERSION = 1.0;
				PRODUCT_BUNDLE_IDENTIFIER = com.starwaresoftware.BasicGamesTests;
				PRODUCT_NAME = "$(TARGET_NAME)";
				SWIFT_EMIT_LOC_STRINGS = NO;
				SWIFT_VERSION = 5.0;
				TEST_HOST = "$(BUILT_PRODUCTS_DIR)/BasicGames.app/Contents/MacOS/BasicGames";
			};
			name = Release;
		};
		ADAE10DD277BAD2E006762F5 /* Debug */ = {
			isa = XCBuildConfiguration;
			buildSettings = {
				CODE_SIGN_STYLE = Automatic;
				COMBINE_HIDPI_IMAGES = YES;
				CURRENT_PROJECT_VERSION = 1;
				DEAD_CODE_STRIPPING = YES;
				DEVELOPMENT_TEAM = 624UDYC489;
				GENERATE_INFOPLIST_FILE = YES;
				LD_RUNPATH_SEARCH_PATHS = (
					"$(inherited)",
					"@executable_path/../Frameworks",
					"@loader_path/../Frameworks",
				);
				MACOSX_DEPLOYMENT_TARGET = 13.5;
				MARKETING_VERSION = 1.0;
				PRODUCT_BUNDLE_IDENTIFIER = com.starwaresoftware.BasicGamesUITests;
				PRODUCT_NAME = "$(TARGET_NAME)";
				SWIFT_EMIT_LOC_STRINGS = NO;
				SWIFT_VERSION = 5.0;
				TEST_TARGET_NAME = BasicGames;
			};
			name = Debug;
		};
		ADAE10DE277BAD2E006762F5 /* Release */ = {
			isa = XCBuildConfiguration;
			buildSettings = {
				CODE_SIGN_STYLE = Automatic;
				COMBINE_HIDPI_IMAGES = YES;
				CURRENT_PROJECT_VERSION = 1;
				DEAD_CODE_STRIPPING = YES;
				DEVELOPMENT_TEAM = 624UDYC489;
				GENERATE_INFOPLIST_FILE = YES;
				LD_RUNPATH_SEARCH_PATHS = (
					"$(inherited)",
					"@executable_path/../Frameworks",
					"@loader_path/../Frameworks",
				);
				MACOSX_DEPLOYMENT_TARGET = 13.5;
				MARKETING_VERSION = 1.0;
				PRODUCT_BUNDLE_IDENTIFIER = com.starwaresoftware.BasicGamesUITests;
				PRODUCT_NAME = "$(TARGET_NAME)";
				SWIFT_EMIT_LOC_STRINGS = NO;
				SWIFT_VERSION = 5.0;
				TEST_TARGET_NAME = BasicGames;
			};
			name = Release;
		};
/* End XCBuildConfiguration section */

/* Begin XCConfigurationList section */
		AD7E47882D246E380051D447 /* Build configuration list for PBXNativeTarget "play" */ = {
			isa = XCConfigurationList;
			buildConfigurations = (
				AD7E47892D246E380051D447 /* Debug */,
				AD7E478A2D246E380051D447 /* Release */,
			);
			defaultConfigurationIsVisible = 0;
			defaultConfigurationName = Release;
		};
		ADAE10AC277BAD25006762F5 /* Build configuration list for PBXProject "BasicGames" */ = {
			isa = XCConfigurationList;
			buildConfigurations = (
				ADAE10D4277BAD2E006762F5 /* Debug */,
				ADAE10D5277BAD2E006762F5 /* Release */,
			);
			defaultConfigurationIsVisible = 0;
			defaultConfigurationName = Release;
		};
		ADAE10D6277BAD2E006762F5 /* Build configuration list for PBXNativeTarget "BasicGames" */ = {
			isa = XCConfigurationList;
			buildConfigurations = (
				ADAE10D7277BAD2E006762F5 /* Debug */,
				ADAE10D8277BAD2E006762F5 /* Release */,
			);
			defaultConfigurationIsVisible = 0;
			defaultConfigurationName = Release;
		};
		ADAE10D9277BAD2E006762F5 /* Build configuration list for PBXNativeTarget "BasicGamesTests" */ = {
			isa = XCConfigurationList;
			buildConfigurations = (
				ADAE10DA277BAD2E006762F5 /* Debug */,
				ADAE10DB277BAD2E006762F5 /* Release */,
			);
			defaultConfigurationIsVisible = 0;
			defaultConfigurationName = Release;
		};
		ADAE10DC277BAD2E006762F5 /* Build configuration list for PBXNativeTarget "BasicGamesUITests" */ = {
			isa = XCConfigurationList;
			buildConfigurations = (
				ADAE10DD277BAD2E006762F5 /* Debug */,
				ADAE10DE277BAD2E006762F5 /* Release */,
			);
			defaultConfigurationIsVisible = 0;
			defaultConfigurationName = Release;
		};
/* End XCConfigurationList section */

/* Begin XCRemoteSwiftPackageReference section */
		AD7E47962D2471830051D447 /* XCRemoteSwiftPackageReference "swift-argument-parser" */ = {
			isa = XCRemoteSwiftPackageReference;
			repositoryURL = "https://github.com/apple/swift-argument-parser.git";
			requirement = {
				kind = upToNextMajorVersion;
				minimumVersion = 1.5.0;
			};
		};
		ADE77C282D243F8E00EC87E5 /* XCRemoteSwiftPackageReference "SwiftTerm" */ = {
			isa = XCRemoteSwiftPackageReference;
			repositoryURL = "https://github.com/migueldeicaza/SwiftTerm";
			requirement = {
				kind = upToNextMajorVersion;
				minimumVersion = 1.2.5;
			};
		};
/* End XCRemoteSwiftPackageReference section */

/* Begin XCSwiftPackageProductDependency section */
		AD7E47972D24718B0051D447 /* ArgumentParser */ = {
			isa = XCSwiftPackageProductDependency;
			package = AD7E47962D2471830051D447 /* XCRemoteSwiftPackageReference "swift-argument-parser" */;
			productName = ArgumentParser;
		};
		ADE77C2B2D24409600EC87E5 /* SwiftTerm */ = {
			isa = XCSwiftPackageProductDependency;
			package = ADE77C282D243F8E00EC87E5 /* XCRemoteSwiftPackageReference "SwiftTerm" */;
			productName = SwiftTerm;
		};
/* End XCSwiftPackageProductDependency section */
	};
	rootObject = ADAE10A9277BAD25006762F5 /* Project object */;
}
